// !$*UTF8*$!
{
	archiveVersion = 1;
	classes = {
	};
	objectVersion = 50;
	objects = {

/* Begin PBXBuildFile section */
		5569866B22961F9D00ED454E /* AppDelegate.swift in Sources */ = {isa = PBXBuildFile; fileRef = 5569866A22961F9D00ED454E /* AppDelegate.swift */; };
		5569866D22961F9E00ED454E /* ViewController.swift in Sources */ = {isa = PBXBuildFile; fileRef = 5569866C22961F9E00ED454E /* ViewController.swift */; };
		5569867022961F9E00ED454E /* Main.storyboard in Resources */ = {isa = PBXBuildFile; fileRef = 5569866E22961F9E00ED454E /* Main.storyboard */; };
		5569867222961F9E00ED454E /* Assets.xcassets in Resources */ = {isa = PBXBuildFile; fileRef = 5569867122961F9E00ED454E /* Assets.xcassets */; };
		5569867522961F9E00ED454E /* LaunchScreen.storyboard in Resources */ = {isa = PBXBuildFile; fileRef = 5569867322961F9E00ED454E /* LaunchScreen.storyboard */; };
		5569867D2296206E00ED454E /* NewViewController.swift in Sources */ = {isa = PBXBuildFile; fileRef = 5569867C2296206E00ED454E /* NewViewController.swift */; };
		5569867F2296218500ED454E /* PresentAnimator.swift in Sources */ = {isa = PBXBuildFile; fileRef = 5569867E2296218500ED454E /* PresentAnimator.swift */; };
		55698681229622BD00ED454E /* DismissAnimator.swift in Sources */ = {isa = PBXBuildFile; fileRef = 55698680229622BD00ED454E /* DismissAnimator.swift */; };
/* End PBXBuildFile section */

/* Begin PBXFileReference section */
		5569866722961F9D00ED454E /* CustomModalTransitions.app */ = {isa = PBXFileReference; explicitFileType = wrapper.application; includeInIndex = 0; path = CustomModalTransitions.app; sourceTree = BUILT_PRODUCTS_DIR; };
		5569866A22961F9D00ED454E /* AppDelegate.swift */ = {isa = PBXFileReference; lastKnownFileType = sourcecode.swift; path = AppDelegate.swift; sourceTree = "<group>"; };
		5569866C22961F9E00ED454E /* ViewController.swift */ = {isa = PBXFileReference; lastKnownFileType = sourcecode.swift; path = ViewController.swift; sourceTree = "<group>"; };
		5569866F22961F9E00ED454E /* Base */ = {isa = PBXFileReference; lastKnownFileType = file.storyboard; name = Base; path = Base.lproj/Main.storyboard; sourceTree = "<group>"; };
		5569867122961F9E00ED454E /* Assets.xcassets */ = {isa = PBXFileReference; lastKnownFileType = folder.assetcatalog; path = Assets.xcassets; sourceTree = "<group>"; };
		5569867422961F9E00ED454E /* Base */ = {isa = PBXFileReference; lastKnownFileType = file.storyboard; name = Base; path = Base.lproj/LaunchScreen.storyboard; sourceTree = "<group>"; };
		5569867622961F9E00ED454E /* Info.plist */ = {isa = PBXFileReference; lastKnownFileType = text.plist.xml; path = Info.plist; sourceTree = "<group>"; };
		5569867C2296206E00ED454E /* NewViewController.swift */ = {isa = PBXFileReference; lastKnownFileType = sourcecode.swift; path = NewViewController.swift; sourceTree = "<group>"; };
		5569867E2296218500ED454E /* PresentAnimator.swift */ = {isa = PBXFileReference; lastKnownFileType = sourcecode.swift; path = PresentAnimator.swift; sourceTree = "<group>"; };
		55698680229622BD00ED454E /* DismissAnimator.swift */ = {isa = PBXFileReference; lastKnownFileType = sourcecode.swift; path = DismissAnimator.swift; sourceTree = "<group>"; };
/* End PBXFileReference section */

/* Begin PBXFrameworksBuildPhase section */
		5569866422961F9D00ED454E /* Frameworks */ = {
			isa = PBXFrameworksBuildPhase;
			buildActionMask = 2147483647;
			files = (
			);
			runOnlyForDeploymentPostprocessing = 0;
		};
/* End PBXFrameworksBuildPhase section */

/* Begin PBXGroup section */
		5569865E22961F9D00ED454E = {
			isa = PBXGroup;
			children = (
				5569866922961F9D00ED454E /* CustomModalTransitions */,
				5569866822961F9D00ED454E /* Products */,
			);
			sourceTree = "<group>";
		};
		5569866822961F9D00ED454E /* Products */ = {
			isa = PBXGroup;
			children = (
				5569866722961F9D00ED454E /* CustomModalTransitions.app */,
			);
			name = Products;
			sourceTree = "<group>";
		};
		5569866922961F9D00ED454E /* CustomModalTransitions */ = {
			isa = PBXGroup;
			children = (
				5569866A22961F9D00ED454E /* AppDelegate.swift */,
				5569866C22961F9E00ED454E /* ViewController.swift */,
				5569867C2296206E00ED454E /* NewViewController.swift */,
				5569866E22961F9E00ED454E /* Main.storyboard */,
				5569867122961F9E00ED454E /* Assets.xcassets */,
				5569867322961F9E00ED454E /* LaunchScreen.storyboard */,
				5569867622961F9E00ED454E /* Info.plist */,
				5569867E2296218500ED454E /* PresentAnimator.swift */,
				55698680229622BD00ED454E /* DismissAnimator.swift */,
			);
			path = CustomModalTransitions;
			sourceTree = "<group>";
		};
/* End PBXGroup section */

/* Begin PBXNativeTarget section */
		5569866622961F9D00ED454E /* CustomModalTransitions */ = {
			isa = PBXNativeTarget;
			buildConfigurationList = 5569867922961F9E00ED454E /* Build configuration list for PBXNativeTarget "CustomModalTransitions" */;
			buildPhases = (
				5569866322961F9D00ED454E /* Sources */,
				5569866422961F9D00ED454E /* Frameworks */,
				5569866522961F9D00ED454E /* Resources */,
			);
			buildRules = (
			);
			dependencies = (
			);
			name = CustomModalTransitions;
			productName = CustomModalTransitions;
			productReference = 5569866722961F9D00ED454E /* CustomModalTransitions.app */;
			productType = "com.apple.product-type.application";
		};
/* End PBXNativeTarget section */

/* Begin PBXProject section */
		5569865F22961F9D00ED454E /* Project object */ = {
			isa = PBXProject;
			attributes = {
				LastSwiftUpdateCheck = 1020;
				LastUpgradeCheck = 1020;
				ORGANIZATIONNAME = "Stephen Bassett";
				TargetAttributes = {
					5569866622961F9D00ED454E = {
						CreatedOnToolsVersion = 10.2.1;
					};
				};
			};
			buildConfigurationList = 5569866222961F9D00ED454E /* Build configuration list for PBXProject "CustomModalTransitions" */;
			compatibilityVersion = "Xcode 9.3";
			developmentRegion = en;
			hasScannedForEncodings = 0;
			knownRegions = (
				en,
				Base,
			);
			mainGroup = 5569865E22961F9D00ED454E;
			productRefGroup = 5569866822961F9D00ED454E /* Products */;
			projectDirPath = "";
			projectRoot = "";
			targets = (
				5569866622961F9D00ED454E /* CustomModalTransitions */,
			);
		};
/* End PBXProject section */

/* Begin PBXResourcesBuildPhase section */
		5569866522961F9D00ED454E /* Resources */ = {
			isa = PBXResourcesBuildPhase;
			buildActionMask = 2147483647;
			files = (
				5569867522961F9E00ED454E /* LaunchScreen.storyboard in Resources */,
				5569867222961F9E00ED454E /* Assets.xcassets in Resources */,
				5569867022961F9E00ED454E /* Main.storyboard in Resources */,
			);
			runOnlyForDeploymentPostprocessing = 0;
		};
/* End PBXResourcesBuildPhase section */

/* Begin PBXSourcesBuildPhase section */
		5569866322961F9D00ED454E /* Sources */ = {
			isa = PBXSourcesBuildPhase;
			buildActionMask = 2147483647;
			files = (
				5569867F2296218500ED454E /* PresentAnimator.swift in Sources */,
				5569867D2296206E00ED454E /* NewViewController.swift in Sources */,
				5569866D22961F9E00ED454E /* ViewController.swift in Sources */,
				55698681229622BD00ED454E /* DismissAnimator.swift in Sources */,
				5569866B22961F9D00ED454E /* AppDelegate.swift in Sources */,
			);
			runOnlyForDeploymentPostprocessing = 0;
		};
/* End PBXSourcesBuildPhase section */

/* Begin PBXVariantGroup section */
		5569866E22961F9E00ED454E /* Main.storyboard */ = {
			isa = PBXVariantGroup;
			children = (
				5569866F22961F9E00ED454E /* Base */,
			);
			name = Main.storyboard;
			sourceTree = "<group>";
		};
		5569867322961F9E00ED454E /* LaunchScreen.storyboard */ = {
			isa = PBXVariantGroup;
			children = (
				5569867422961F9E00ED454E /* Base */,
			);
			name = LaunchScreen.storyboard;
			sourceTree = "<group>";
		};
/* End PBXVariantGroup section */

/* Begin XCBuildConfiguration section */
		5569867722961F9E00ED454E /* Debug */ = {
			isa = XCBuildConfiguration;
			buildSettings = {
				ALWAYS_SEARCH_USER_PATHS = NO;
				CLANG_ANALYZER_NONNULL = YES;
				CLANG_ANALYZER_NUMBER_OBJECT_CONVERSION = YES_AGGRESSIVE;
				CLANG_CXX_LANGUAGE_STANDARD = "gnu++14";
				CLANG_CXX_LIBRARY = "libc++";
				CLANG_ENABLE_MODULES = YES;
				CLANG_ENABLE_OBJC_ARC = YES;
				CLANG_ENABLE_OBJC_WEAK = YES;
				CLANG_WARN_BLOCK_CAPTURE_AUTORELEASING = YES;
				CLANG_WARN_BOOL_CONVERSION = YES;
				CLANG_WARN_COMMA = YES;
				CLANG_WARN_CONSTANT_CONVERSION = YES;
				CLANG_WARN_DEPRECATED_OBJC_IMPLEMENTATIONS = YES;
				CLANG_WARN_DIRECT_OBJC_ISA_USAGE = YES_ERROR;
				CLANG_WARN_DOCUMENTATION_COMMENTS = YES;
				CLANG_WARN_EMPTY_BODY = YES;
				CLANG_WARN_ENUM_CONVERSION = YES;
				CLANG_WARN_INFINITE_RECURSION = YES;
				CLANG_WARN_INT_CONVERSION = YES;
				CLANG_WARN_NON_LITERAL_NULL_CONVERSION = YES;
				CLANG_WARN_OBJC_IMPLICIT_RETAIN_SELF = YES;
				CLANG_WARN_OBJC_LITERAL_CONVERSION = YES;
				CLANG_WARN_OBJC_ROOT_CLASS = YES_ERROR;
				CLANG_WARN_RANGE_LOOP_ANALYSIS = YES;
				CLANG_WARN_STRICT_PROTOTYPES = YES;
				CLANG_WARN_SUSPICIOUS_MOVE = YES;
				CLANG_WARN_UNGUARDED_AVAILABILITY = YES_AGGRESSIVE;
				CLANG_WARN_UNREACHABLE_CODE = YES;
				CLANG_WARN__DUPLICATE_METHOD_MATCH = YES;
				CODE_SIGN_IDENTITY = "iPhone Developer";
				COPY_PHASE_STRIP = NO;
				DEBUG_INFORMATION_FORMAT = dwarf;
				ENABLE_STRICT_OBJC_MSGSEND = YES;
				ENABLE_TESTABILITY = YES;
				GCC_C_LANGUAGE_STANDARD = gnu11;
				GCC_DYNAMIC_NO_PIC = NO;
				GCC_NO_COMMON_BLOCKS = YES;
				GCC_OPTIMIZATION_LEVEL = 0;
				GCC_PREPROCESSOR_DEFINITIONS = (
					"DEBUG=1",
					"$(inherited)",
				);
				GCC_WARN_64_TO_32_BIT_CONVERSION = YES;
				GCC_WARN_ABOUT_RETURN_TYPE = YES_ERROR;
				GCC_WARN_UNDECLARED_SELECTOR = YES;
				GCC_WARN_UNINITIALIZED_AUTOS = YES_AGGRESSIVE;
				GCC_WARN_UNUSED_FUNCTION = YES;
				GCC_WARN_UNUSED_VARIABLE = YES;
				IPHONEOS_DEPLOYMENT_TARGET = 12.2;
				MTL_ENABLE_DEBUG_INFO = INCLUDE_SOURCE;
				MTL_FAST_MATH = YES;
				ONLY_ACTIVE_ARCH = YES;
				SDKROOT = iphoneos;
				SWIFT_ACTIVE_COMPILATION_CONDITIONS = DEBUG;
				SWIFT_OPTIMIZATION_LEVEL = "-Onone";
			};
			name = Debug;
		};
		5569867822961F9E00ED454E /* Release */ = {
			isa = XCBuildConfiguration;
			buildSettings = {
				ALWAYS_SEARCH_USER_PATHS = NO;
				CLANG_ANALYZER_NONNULL = YES;
				CLANG_ANALYZER_NUMBER_OBJECT_CONVERSION = YES_AGGRESSIVE;
				CLANG_CXX_LANGUAGE_STANDARD = "gnu++14";
				CLANG_CXX_LIBRARY = "libc++";
				CLANG_ENABLE_MODULES = YES;
				CLANG_ENABLE_OBJC_ARC = YES;
				CLANG_ENABLE_OBJC_WEAK = YES;
				CLANG_WARN_BLOCK_CAPTURE_AUTORELEASING = YES;
				CLANG_WARN_BOOL_CONVERSION = YES;
				CLANG_WARN_COMMA = YES;
				CLANG_WARN_CONSTANT_CONVERSION = YES;
				CLANG_WARN_DEPRECATED_OBJC_IMPLEMENTATIONS = YES;
				CLANG_WARN_DIRECT_OBJC_ISA_USAGE = YES_ERROR;
				CLANG_WARN_DOCUMENTATION_COMMENTS = YES;
				CLANG_WARN_EMPTY_BODY = YES;
				CLANG_WARN_ENUM_CONVERSION = YES;
				CLANG_WARN_INFINITE_RECURSION = YES;
				CLANG_WARN_INT_CONVERSION = YES;
				CLANG_WARN_NON_LITERAL_NULL_CONVERSION = YES;
				CLANG_WARN_OBJC_IMPLICIT_RETAIN_SELF = YES;
				CLANG_WARN_OBJC_LITERAL_CONVERSION = YES;
				CLANG_WARN_OBJC_ROOT_CLASS = YES_ERROR;
				CLANG_WARN_RANGE_LOOP_ANALYSIS = YES;
				CLANG_WARN_STRICT_PROTOTYPES = YES;
				CLANG_WARN_SUSPICIOUS_MOVE = YES;
				CLANG_WARN_UNGUARDED_AVAILABILITY = YES_AGGRESSIVE;
				CLANG_WARN_UNREACHABLE_CODE = YES;
				CLANG_WARN__DUPLICATE_METHOD_MATCH = YES;
				CODE_SIGN_IDENTITY = "iPhone Developer";
				COPY_PHASE_STRIP = NO;
				DEBUG_INFORMATION_FORMAT = "dwarf-with-dsym";
				ENABLE_NS_ASSERTIONS = NO;
				ENABLE_STRICT_OBJC_MSGSEND = YES;
				GCC_C_LANGUAGE_STANDARD = gnu11;
				GCC_NO_COMMON_BLOCKS = YES;
				GCC_WARN_64_TO_32_BIT_CONVERSION = YES;
				GCC_WARN_ABOUT_RETURN_TYPE = YES_ERROR;
				GCC_WARN_UNDECLARED_SELECTOR = YES;
				GCC_WARN_UNINITIALIZED_AUTOS = YES_AGGRESSIVE;
				GCC_WARN_UNUSED_FUNCTION = YES;
				GCC_WARN_UNUSED_VARIABLE = YES;
				IPHONEOS_DEPLOYMENT_TARGET = 12.2;
				MTL_ENABLE_DEBUG_INFO = NO;
				MTL_FAST_MATH = YES;
				SDKROOT = iphoneos;
				SWIFT_COMPILATION_MODE = wholemodule;
				SWIFT_OPTIMIZATION_LEVEL = "-O";
				VALIDATE_PRODUCT = YES;
			};
			name = Release;
		};
		5569867A22961F9E00ED454E /* Debug */ = {
			isa = XCBuildConfiguration;
			buildSettings = {
				ASSETCATALOG_COMPILER_APPICON_NAME = AppIcon;
				CODE_SIGN_STYLE = Automatic;
				DEVELOPMENT_TEAM = 4T3CJYS2MB;
				INFOPLIST_FILE = CustomModalTransitions/Info.plist;
				LD_RUNPATH_SEARCH_PATHS = (
					"$(inherited)",
					"@executable_path/Frameworks",
				);
				PRODUCT_BUNDLE_IDENTIFIER = com.sbassett1.CustomModalTransitions;
				PRODUCT_NAME = "$(TARGET_NAME)";
				SWIFT_VERSION = 5.0;
				TARGETED_DEVICE_FAMILY = "1,2";
			};
			name = Debug;
		};
		5569867B22961F9E00ED454E /* Release */ = {
			isa = XCBuildConfiguration;
			buildSettings = {
				ASSETCATALOG_COMPILER_APPICON_NAME = AppIcon;
				CODE_SIGN_STYLE = Automatic;
				DEVELOPMENT_TEAM = 4T3CJYS2MB;
				INFOPLIST_FILE = CustomModalTransitions/Info.plist;
				LD_RUNPATH_SEARCH_PATHS = (
					"$(inherited)",
					"@executable_path/Frameworks",
				);
				PRODUCT_BUNDLE_IDENTIFIER = com.sbassett1.CustomModalTransitions;
				PRODUCT_NAME = "$(TARGET_NAME)";
				SWIFT_VERSION = 5.0;
				TARGETED_DEVICE_FAMILY = "1,2";
			};
			name = Release;
		};
/* End XCBuildConfiguration section */

/* Begin XCConfigurationList section */
		5569866222961F9D00ED454E /* Build configuration list for PBXProject "CustomModalTransitions" */ = {
			isa = XCConfigurationList;
			buildConfigurations = (
				5569867722961F9E00ED454E /* Debug */,
				5569867822961F9E00ED454E /* Release */,
			);
			defaultConfigurationIsVisible = 0;
			defaultConfigurationName = Release;
		};
		5569867922961F9E00ED454E /* Build configuration list for PBXNativeTarget "CustomModalTransitions" */ = {
			isa = XCConfigurationList;
			buildConfigurations = (
				5569867A22961F9E00ED454E /* Debug */,
				5569867B22961F9E00ED454E /* Release */,
			);
			defaultConfigurationIsVisible = 0;
			defaultConfigurationName = Release;
		};
/* End XCConfigurationList section */
	};
	rootObject = 5569865F22961F9D00ED454E /* Project object */;
}
